
Microsoft Visual Studio Solution File, Format Version 12.00
# Visual Studio Version 17
VisualStudioVersion = 17.5.33530.505
MinimumVisualStudioVersion = 10.0.40219.1
Project("{FAE04EC0-301F-11D3-BF4B-00C04F79EFBC}") = "Entity", "Entity\Entity.csproj", "{43FB8393-1162-4A84-8343-CF68F6EFCB91}"
EndProject
Project("{FAE04EC0-301F-11D3-BF4B-00C04F79EFBC}") = "Data", "Data\Data.csproj", "{7EADE23F-4D5D-454C-B10A-B8D631A7B2EA}"
EndProject
Project("{FAE04EC0-301F-11D3-BF4B-00C04F79EFBC}") = "Bussiness", "Bussiness\Bussiness.csproj", "{B5743081-18D5-439E-A46B-B0CC919AD5D3}"
EndProject
Project("{FAE04EC0-301F-11D3-BF4B-00C04F79EFBC}") = "Utils", "Utils\Utils.csproj", "{4D3E3F53-D78A-4999-9AF9-79B4F226C120}"
EndProject
Project("{FAE04EC0-301F-11D3-BF4B-00C04F79EFBC}") = "Diagram", "Diagram\Diagram.csproj", "{B2CBA304-1411-4A8B-A749-7AD2B56B21AA}"
EndProject
Global
	GlobalSection(SolutionConfigurationPlatforms) = preSolution
		Debug|Any CPU = Debug|Any CPU
		Release|Any CPU = Release|Any CPU
	EndGlobalSection
	GlobalSection(ProjectConfigurationPlatforms) = postSolution
		{43FB8393-1162-4A84-8343-CF68F6EFCB91}.Debug|Any CPU.ActiveCfg = Debug|Any CPU
		{43FB8393-1162-4A84-8343-CF68F6EFCB91}.Debug|Any CPU.Build.0 = Debug|Any CPU
		{43FB8393-1162-4A84-8343-CF68F6EFCB91}.Release|Any CPU.ActiveCfg = Release|Any CPU
		{43FB8393-1162-4A84-8343-CF68F6EFCB91}.Release|Any CPU.Build.0 = Release|Any CPU
		{7EADE23F-4D5D-454C-B10A-B8D631A7B2EA}.Debug|Any CPU.ActiveCfg = Debug|Any CPU
		{7EADE23F-4D5D-454C-B10A-B8D631A7B2EA}.Debug|Any CPU.Build.0 = Debug|Any CPU
		{7EADE23F-4D5D-454C-B10A-B8D631A7B2EA}.Release|Any CPU.ActiveCfg = Release|Any CPU
		{7EADE23F-4D5D-454C-B10A-B8D631A7B2EA}.Release|Any CPU.Build.0 = Release|Any CPU
		{B5743081-18D5-439E-A46B-B0CC919AD5D3}.Debug|Any CPU.ActiveCfg = Debug|Any CPU
		{B5743081-18D5-439E-A46B-B0CC919AD5D3}.Debug|Any CPU.Build.0 = Debug|Any CPU
		{B5743081-18D5-439E-A46B-B0CC919AD5D3}.Release|Any CPU.ActiveCfg = Release|Any CPU
		{B5743081-18D5-439E-A46B-B0CC919AD5D3}.Release|Any CPU.Build.0 = Release|Any CPU
		{4D3E3F53-D78A-4999-9AF9-79B4F226C120}.Debug|Any CPU.ActiveCfg = Debug|Any CPU
		{4D3E3F53-D78A-4999-9AF9-79B4F226C120}.Debug|Any CPU.Build.0 = Debug|Any CPU
		{4D3E3F53-D78A-4999-9AF9-79B4F226C120}.Release|Any CPU.ActiveCfg = Release|Any CPU
		{4D3E3F53-D78A-4999-9AF9-79B4F226C120}.Release|Any CPU.Build.0 = Release|Any CPU
		{B2CBA304-1411-4A8B-A749-7AD2B56B21AA}.Debug|Any CPU.ActiveCfg = Debug|Any CPU
		{B2CBA304-1411-4A8B-A749-7AD2B56B21AA}.Debug|Any CPU.Build.0 = Debug|Any CPU
		{B2CBA304-1411-4A8B-A749-7AD2B56B21AA}.Release|Any CPU.ActiveCfg = Release|Any CPU
		{B2CBA304-1411-4A8B-A749-7AD2B56B21AA}.Release|Any CPU.Build.0 = Release|Any CPU
	EndGlobalSection
	GlobalSection(SolutionProperties) = preSolution
		HideSolutionNode = FALSE
	EndGlobalSection
	GlobalSection(ExtensibilityGlobals) = postSolution
		SolutionGuid = {46D5749E-8D89-463C-88E1-C9C39E3DC460}
	EndGlobalSection
EndGlobal
